
Microsoft Visual Studio Solution File, Format Version 12.00
# Visual Studio 14
VisualStudioVersion = 14.0.24720.0
MinimumVisualStudioVersion = 10.0.40219.1
Project("{8BC9CEB8-8B4A-11D0-8D11-00A0C91BC942}") = "EasyCKL", "EasyCKL.vcxproj", "{E6907268-86AB-4ADC-86E3-978FEC2D8F49}"
	ProjectSection(ProjectDependencies) = postProject
		{C50ECCD7-E918-33E1-905B-AA8D6D6192FD} = {C50ECCD7-E918-33E1-905B-AA8D6D6192FD}
	EndProjectSection
EndProject
Project("{8BC9CEB8-8B4A-11D0-8D11-00A0C91BC942}") = "libcef_dll_wrapper", "cef\libcef_dll_wrapper.vcxproj", "{C50ECCD7-E918-33E1-905B-AA8D6D6192FD}"
EndProject
Global
	GlobalSection(SolutionConfigurationPlatforms) = preSolution
		Debug|Win32 = Debug|Win32
		Release|Win32 = Release|Win32
	EndGlobalSection
	GlobalSection(ProjectConfigurationPlatforms) = postSolution
		{E6907268-86AB-4ADC-86E3-978FEC2D8F49}.Debug|Win32.ActiveCfg = Debug|Win32
		{E6907268-86AB-4ADC-86E3-978FEC2D8F49}.Debug|Win32.Build.0 = Debug|Win32
		{E6907268-86AB-4ADC-86E3-978FEC2D8F49}.Release|Win32.ActiveCfg = Release|Win32
		{E6907268-86AB-4ADC-86E3-978FEC2D8F49}.Release|Win32.Build.0 = Release|Win32
		{C50ECCD7-E918-33E1-905B-AA8D6D6192FD}.Debug|Win32.ActiveCfg = Debug|Win32
		{C50ECCD7-E918-33E1-905B-AA8D6D6192FD}.Debug|Win32.Build.0 = Debug|Win32
		{C50ECCD7-E918-33E1-905B-AA8D6D6192FD}.Release|Win32.ActiveCfg = Release|Win32
		{C50ECCD7-E918-33E1-905B-AA8D6D6192FD}.Release|Win32.Build.0 = Release|Win32
	EndGlobalSection
	GlobalSection(SolutionProperties) = preSolution
		HideSolutionNode = FALSE
	EndGlobalSection
EndGlobal
