<?xml version="1.0" encoding="utf-8"?>
<Project ToolsVersion="14.0" xmlns="http://schemas.microsoft.com/developer/msbuild/2003">
  <ItemGroup>
    <ClCompile Include="$(ProjectDir)transfer_util.cc" />
    <ClCompile Include="$(ProjectDir)base\cef_atomicops_x86_gcc.cc" />
    <ClCompile Include="$(ProjectDir)base\cef_bind_helpers.cc" />
    <ClCompile Include="$(ProjectDir)base\cef_callback_helpers.cc" />
    <ClCompile Include="$(ProjectDir)base\cef_callback_internal.cc" />
    <ClCompile Include="$(ProjectDir)base\cef_lock.cc" />
    <ClCompile Include="$(ProjectDir)base\cef_lock_impl.cc" />
    <ClCompile Include="$(ProjectDir)base\cef_logging.cc" />
    <ClCompile Include="$(ProjectDir)base\cef_ref_counted.cc" />
    <ClCompile Include="$(ProjectDir)base\cef_string16.cc" />
    <ClCompile Include="$(ProjectDir)base\cef_thread_checker_impl.cc" />
    <ClCompile Include="$(ProjectDir)base\cef_thread_collision_warner.cc" />
    <ClCompile Include="$(ProjectDir)base\cef_weak_ptr.cc" />
    <ClCompile Include="$(ProjectDir)cpptoc\app_cpptoc.cc" />
    <ClCompile Include="$(ProjectDir)cpptoc\base_cpptoc.cc" />
    <ClCompile Include="$(ProjectDir)cpptoc\browser_process_handler_cpptoc.cc" />
    <ClCompile Include="$(ProjectDir)cpptoc\client_cpptoc.cc" />
    <ClCompile Include="$(ProjectDir)cpptoc\completion_callback_cpptoc.cc" />
    <ClCompile Include="$(ProjectDir)cpptoc\context_menu_handler_cpptoc.cc" />
    <ClCompile Include="$(ProjectDir)cpptoc\cookie_visitor_cpptoc.cc" />
    <ClCompile Include="$(ProjectDir)cpptoc\delete_cookies_callback_cpptoc.cc" />
    <ClCompile Include="$(ProjectDir)cpptoc\dialog_handler_cpptoc.cc" />
    <ClCompile Include="$(ProjectDir)cpptoc\display_handler_cpptoc.cc" />
    <ClCompile Include="$(ProjectDir)cpptoc\domvisitor_cpptoc.cc" />
    <ClCompile Include="$(ProjectDir)cpptoc\download_handler_cpptoc.cc" />
    <ClCompile Include="$(ProjectDir)cpptoc\drag_handler_cpptoc.cc" />
    <ClCompile Include="$(ProjectDir)cpptoc\end_tracing_callback_cpptoc.cc" />
    <ClCompile Include="$(ProjectDir)cpptoc\find_handler_cpptoc.cc" />
    <ClCompile Include="$(ProjectDir)cpptoc\focus_handler_cpptoc.cc" />
    <ClCompile Include="$(ProjectDir)cpptoc\geolocation_handler_cpptoc.cc" />
    <ClCompile Include="$(ProjectDir)cpptoc\get_geolocation_callback_cpptoc.cc" />
    <ClCompile Include="$(ProjectDir)cpptoc\jsdialog_handler_cpptoc.cc" />
    <ClCompile Include="$(ProjectDir)cpptoc\keyboard_handler_cpptoc.cc" />
    <ClCompile Include="$(ProjectDir)cpptoc\life_span_handler_cpptoc.cc" />
    <ClCompile Include="$(ProjectDir)cpptoc\load_handler_cpptoc.cc" />
    <ClCompile Include="$(ProjectDir)cpptoc\navigation_entry_visitor_cpptoc.cc" />
    <ClCompile Include="$(ProjectDir)cpptoc\pdf_print_callback_cpptoc.cc" />
    <ClCompile Include="$(ProjectDir)cpptoc\print_handler_cpptoc.cc" />
    <ClCompile Include="$(ProjectDir)cpptoc\read_handler_cpptoc.cc" />
    <ClCompile Include="$(ProjectDir)cpptoc\render_handler_cpptoc.cc" />
    <ClCompile Include="$(ProjectDir)cpptoc\render_process_handler_cpptoc.cc" />
    <ClCompile Include="$(ProjectDir)cpptoc\request_context_handler_cpptoc.cc" />
    <ClCompile Include="$(ProjectDir)cpptoc\request_handler_cpptoc.cc" />
    <ClCompile Include="$(ProjectDir)cpptoc\resolve_callback_cpptoc.cc" />
    <ClCompile Include="$(ProjectDir)cpptoc\resource_bundle_handler_cpptoc.cc" />
    <ClCompile Include="$(ProjectDir)cpptoc\resource_handler_cpptoc.cc" />
    <ClCompile Include="$(ProjectDir)cpptoc\response_filter_cpptoc.cc" />
    <ClCompile Include="$(ProjectDir)cpptoc\run_file_dialog_callback_cpptoc.cc" />
    <ClCompile Include="$(ProjectDir)cpptoc\scheme_handler_factory_cpptoc.cc" />
    <ClCompile Include="$(ProjectDir)cpptoc\set_cookie_callback_cpptoc.cc" />
    <ClCompile Include="$(ProjectDir)cpptoc\string_visitor_cpptoc.cc" />
    <ClCompile Include="$(ProjectDir)cpptoc\task_cpptoc.cc" />
    <ClCompile Include="$(ProjectDir)cpptoc\urlrequest_client_cpptoc.cc" />
    <ClCompile Include="$(ProjectDir)cpptoc\v8accessor_cpptoc.cc" />
    <ClCompile Include="$(ProjectDir)cpptoc\v8handler_cpptoc.cc" />
    <ClCompile Include="$(ProjectDir)cpptoc\web_plugin_info_visitor_cpptoc.cc" />
    <ClCompile Include="$(ProjectDir)cpptoc\web_plugin_unstable_callback_cpptoc.cc" />
    <ClCompile Include="$(ProjectDir)cpptoc\write_handler_cpptoc.cc" />
    <ClCompile Include="$(ProjectDir)ctocpp\auth_callback_ctocpp.cc" />
    <ClCompile Include="$(ProjectDir)ctocpp\before_download_callback_ctocpp.cc" />
    <ClCompile Include="$(ProjectDir)ctocpp\binary_value_ctocpp.cc" />
    <ClCompile Include="$(ProjectDir)ctocpp\browser_ctocpp.cc" />
    <ClCompile Include="$(ProjectDir)ctocpp\browser_host_ctocpp.cc" />
    <ClCompile Include="$(ProjectDir)ctocpp\callback_ctocpp.cc" />
    <ClCompile Include="$(ProjectDir)ctocpp\command_line_ctocpp.cc" />
    <ClCompile Include="$(ProjectDir)ctocpp\context_menu_params_ctocpp.cc" />
    <ClCompile Include="$(ProjectDir)ctocpp\cookie_manager_ctocpp.cc" />
    <ClCompile Include="$(ProjectDir)ctocpp\dictionary_value_ctocpp.cc" />
    <ClCompile Include="$(ProjectDir)ctocpp\domdocument_ctocpp.cc" />
    <ClCompile Include="$(ProjectDir)ctocpp\domnode_ctocpp.cc" />
    <ClCompile Include="$(ProjectDir)ctocpp\download_item_callback_ctocpp.cc" />
    <ClCompile Include="$(ProjectDir)ctocpp\download_item_ctocpp.cc" />
    <ClCompile Include="$(ProjectDir)ctocpp\drag_data_ctocpp.cc" />
    <ClCompile Include="$(ProjectDir)ctocpp\file_dialog_callback_ctocpp.cc" />
    <ClCompile Include="$(ProjectDir)ctocpp\frame_ctocpp.cc" />
    <ClCompile Include="$(ProjectDir)ctocpp\geolocation_callback_ctocpp.cc" />
    <ClCompile Include="$(ProjectDir)ctocpp\jsdialog_callback_ctocpp.cc" />
    <ClCompile Include="$(ProjectDir)ctocpp\list_value_ctocpp.cc" />
    <ClCompile Include="$(ProjectDir)ctocpp\menu_model_ctocpp.cc" />
    <ClCompile Include="$(ProjectDir)ctocpp\navigation_entry_ctocpp.cc" />
    <ClCompile Include="$(ProjectDir)ctocpp\post_data_ctocpp.cc" />
    <ClCompile Include="$(ProjectDir)ctocpp\post_data_element_ctocpp.cc" />
    <ClCompile Include="$(ProjectDir)ctocpp\print_dialog_callback_ctocpp.cc" />
    <ClCompile Include="$(ProjectDir)ctocpp\print_job_callback_ctocpp.cc" />
    <ClCompile Include="$(ProjectDir)ctocpp\print_settings_ctocpp.cc" />
    <ClCompile Include="$(ProjectDir)ctocpp\process_message_ctocpp.cc" />
    <ClCompile Include="$(ProjectDir)ctocpp\request_callback_ctocpp.cc" />
    <ClCompile Include="$(ProjectDir)ctocpp\request_context_ctocpp.cc" />
    <ClCompile Include="$(ProjectDir)ctocpp\request_ctocpp.cc" />
    <ClCompile Include="$(ProjectDir)ctocpp\resource_bundle_ctocpp.cc" />
    <ClCompile Include="$(ProjectDir)ctocpp\response_ctocpp.cc" />
    <ClCompile Include="$(ProjectDir)ctocpp\run_context_menu_callback_ctocpp.cc" />
    <ClCompile Include="$(ProjectDir)ctocpp\scheme_registrar_ctocpp.cc" />
    <ClCompile Include="$(ProjectDir)ctocpp\sslcert_principal_ctocpp.cc" />
    <ClCompile Include="$(ProjectDir)ctocpp\sslinfo_ctocpp.cc" />
    <ClCompile Include="$(ProjectDir)ctocpp\stream_reader_ctocpp.cc" />
    <ClCompile Include="$(ProjectDir)ctocpp\stream_writer_ctocpp.cc" />
    <ClCompile Include="$(ProjectDir)ctocpp\task_runner_ctocpp.cc" />
    <ClCompile Include="$(ProjectDir)ctocpp\urlrequest_ctocpp.cc" />
    <ClCompile Include="$(ProjectDir)ctocpp\v8context_ctocpp.cc" />
    <ClCompile Include="$(ProjectDir)ctocpp\v8exception_ctocpp.cc" />
    <ClCompile Include="$(ProjectDir)ctocpp\v8stack_frame_ctocpp.cc" />
    <ClCompile Include="$(ProjectDir)ctocpp\v8stack_trace_ctocpp.cc" />
    <ClCompile Include="$(ProjectDir)ctocpp\v8value_ctocpp.cc" />
    <ClCompile Include="$(ProjectDir)ctocpp\value_ctocpp.cc" />
    <ClCompile Include="$(ProjectDir)ctocpp\web_plugin_info_ctocpp.cc" />
    <ClCompile Include="$(ProjectDir)ctocpp\xml_reader_ctocpp.cc" />
    <ClCompile Include="$(ProjectDir)ctocpp\zip_reader_ctocpp.cc" />
    <ClCompile Include="$(ProjectDir)wrapper\cef_byte_read_handler.cc" />
    <ClCompile Include="$(ProjectDir)wrapper\cef_closure_task.cc" />
    <ClCompile Include="$(ProjectDir)wrapper\cef_message_router.cc" />
    <ClCompile Include="$(ProjectDir)wrapper\cef_resource_manager.cc" />
    <ClCompile Include="$(ProjectDir)wrapper\cef_stream_resource_handler.cc" />
    <ClCompile Include="$(ProjectDir)wrapper\cef_xml_object.cc" />
    <ClCompile Include="$(ProjectDir)wrapper\cef_zip_archive.cc" />
    <ClCompile Include="$(ProjectDir)wrapper\libcef_dll_wrapper.cc" />
    <ClCompile Include="$(ProjectDir)wrapper\libcef_dll_wrapper2.cc" />
  </ItemGroup>
  <ItemGroup>
    <ClInclude Include="$(ProjectDir)transfer_util.h" />
    <ClInclude Include="$(ProjectDir)wrapper_types.h" />
    <ClInclude Include="$(ProjectDir)cpptoc\app_cpptoc.h" />
    <ClInclude Include="$(ProjectDir)cpptoc\base_cpptoc.h" />
    <ClInclude Include="$(ProjectDir)cpptoc\browser_process_handler_cpptoc.h" />
    <ClInclude Include="$(ProjectDir)cpptoc\client_cpptoc.h" />
    <ClInclude Include="$(ProjectDir)cpptoc\completion_callback_cpptoc.h" />
    <ClInclude Include="$(ProjectDir)cpptoc\context_menu_handler_cpptoc.h" />
    <ClInclude Include="$(ProjectDir)cpptoc\cookie_visitor_cpptoc.h" />
    <ClInclude Include="$(ProjectDir)cpptoc\cpptoc.h" />
    <ClInclude Include="$(ProjectDir)cpptoc\delete_cookies_callback_cpptoc.h" />
    <ClInclude Include="$(ProjectDir)cpptoc\dialog_handler_cpptoc.h" />
    <ClInclude Include="$(ProjectDir)cpptoc\display_handler_cpptoc.h" />
    <ClInclude Include="$(ProjectDir)cpptoc\domvisitor_cpptoc.h" />
    <ClInclude Include="$(ProjectDir)cpptoc\download_handler_cpptoc.h" />
    <ClInclude Include="$(ProjectDir)cpptoc\drag_handler_cpptoc.h" />
    <ClInclude Include="$(ProjectDir)cpptoc\end_tracing_callback_cpptoc.h" />
    <ClInclude Include="$(ProjectDir)cpptoc\find_handler_cpptoc.h" />
    <ClInclude Include="$(ProjectDir)cpptoc\focus_handler_cpptoc.h" />
    <ClInclude Include="$(ProjectDir)cpptoc\geolocation_handler_cpptoc.h" />
    <ClInclude Include="$(ProjectDir)cpptoc\get_geolocation_callback_cpptoc.h" />
    <ClInclude Include="$(ProjectDir)cpptoc\jsdialog_handler_cpptoc.h" />
    <ClInclude Include="$(ProjectDir)cpptoc\keyboard_handler_cpptoc.h" />
    <ClInclude Include="$(ProjectDir)cpptoc\life_span_handler_cpptoc.h" />
    <ClInclude Include="$(ProjectDir)cpptoc\load_handler_cpptoc.h" />
    <ClInclude Include="$(ProjectDir)cpptoc\navigation_entry_visitor_cpptoc.h" />
    <ClInclude Include="$(ProjectDir)cpptoc\pdf_print_callback_cpptoc.h" />
    <ClInclude Include="$(ProjectDir)cpptoc\print_handler_cpptoc.h" />
    <ClInclude Include="$(ProjectDir)cpptoc\read_handler_cpptoc.h" />
    <ClInclude Include="$(ProjectDir)cpptoc\render_handler_cpptoc.h" />
    <ClInclude Include="$(ProjectDir)cpptoc\render_process_handler_cpptoc.h" />
    <ClInclude Include="$(ProjectDir)cpptoc\request_context_handler_cpptoc.h" />
    <ClInclude Include="$(ProjectDir)cpptoc\request_handler_cpptoc.h" />
    <ClInclude Include="$(ProjectDir)cpptoc\resolve_callback_cpptoc.h" />
    <ClInclude Include="$(ProjectDir)cpptoc\resource_bundle_handler_cpptoc.h" />
    <ClInclude Include="$(ProjectDir)cpptoc\resource_handler_cpptoc.h" />
    <ClInclude Include="$(ProjectDir)cpptoc\response_filter_cpptoc.h" />
    <ClInclude Include="$(ProjectDir)cpptoc\run_file_dialog_callback_cpptoc.h" />
    <ClInclude Include="$(ProjectDir)cpptoc\scheme_handler_factory_cpptoc.h" />
    <ClInclude Include="$(ProjectDir)cpptoc\set_cookie_callback_cpptoc.h" />
    <ClInclude Include="$(ProjectDir)cpptoc\string_visitor_cpptoc.h" />
    <ClInclude Include="$(ProjectDir)cpptoc\task_cpptoc.h" />
    <ClInclude Include="$(ProjectDir)cpptoc\urlrequest_client_cpptoc.h" />
    <ClInclude Include="$(ProjectDir)cpptoc\v8accessor_cpptoc.h" />
    <ClInclude Include="$(ProjectDir)cpptoc\v8handler_cpptoc.h" />
    <ClInclude Include="$(ProjectDir)cpptoc\web_plugin_info_visitor_cpptoc.h" />
    <ClInclude Include="$(ProjectDir)cpptoc\web_plugin_unstable_callback_cpptoc.h" />
    <ClInclude Include="$(ProjectDir)cpptoc\write_handler_cpptoc.h" />
    <ClInclude Include="$(ProjectDir)ctocpp\auth_callback_ctocpp.h" />
    <ClInclude Include="$(ProjectDir)ctocpp\before_download_callback_ctocpp.h" />
    <ClInclude Include="$(ProjectDir)ctocpp\binary_value_ctocpp.h" />
    <ClInclude Include="$(ProjectDir)ctocpp\browser_ctocpp.h" />
    <ClInclude Include="$(ProjectDir)ctocpp\browser_host_ctocpp.h" />
    <ClInclude Include="$(ProjectDir)ctocpp\callback_ctocpp.h" />
    <ClInclude Include="$(ProjectDir)ctocpp\command_line_ctocpp.h" />
    <ClInclude Include="$(ProjectDir)ctocpp\context_menu_params_ctocpp.h" />
    <ClInclude Include="$(ProjectDir)ctocpp\cookie_manager_ctocpp.h" />
    <ClInclude Include="$(ProjectDir)ctocpp\ctocpp.h" />
    <ClInclude Include="$(ProjectDir)ctocpp\dictionary_value_ctocpp.h" />
    <ClInclude Include="$(ProjectDir)ctocpp\domdocument_ctocpp.h" />
    <ClInclude Include="$(ProjectDir)ctocpp\domnode_ctocpp.h" />
    <ClInclude Include="$(ProjectDir)ctocpp\download_item_callback_ctocpp.h" />
    <ClInclude Include="$(ProjectDir)ctocpp\download_item_ctocpp.h" />
    <ClInclude Include="$(ProjectDir)ctocpp\drag_data_ctocpp.h" />
    <ClInclude Include="$(ProjectDir)ctocpp\file_dialog_callback_ctocpp.h" />
    <ClInclude Include="$(ProjectDir)ctocpp\frame_ctocpp.h" />
    <ClInclude Include="$(ProjectDir)ctocpp\geolocation_callback_ctocpp.h" />
    <ClInclude Include="$(ProjectDir)ctocpp\jsdialog_callback_ctocpp.h" />
    <ClInclude Include="$(ProjectDir)ctocpp\list_value_ctocpp.h" />
    <ClInclude Include="$(ProjectDir)ctocpp\menu_model_ctocpp.h" />
    <ClInclude Include="$(ProjectDir)ctocpp\navigation_entry_ctocpp.h" />
    <ClInclude Include="$(ProjectDir)ctocpp\post_data_ctocpp.h" />
    <ClInclude Include="$(ProjectDir)ctocpp\post_data_element_ctocpp.h" />
    <ClInclude Include="$(ProjectDir)ctocpp\print_dialog_callback_ctocpp.h" />
    <ClInclude Include="$(ProjectDir)ctocpp\print_job_callback_ctocpp.h" />
    <ClInclude Include="$(ProjectDir)ctocpp\print_settings_ctocpp.h" />
    <ClInclude Include="$(ProjectDir)ctocpp\process_message_ctocpp.h" />
    <ClInclude Include="$(ProjectDir)ctocpp\request_callback_ctocpp.h" />
    <ClInclude Include="$(ProjectDir)ctocpp\request_context_ctocpp.h" />
    <ClInclude Include="$(ProjectDir)ctocpp\request_ctocpp.h" />
    <ClInclude Include="$(ProjectDir)ctocpp\resource_bundle_ctocpp.h" />
    <ClInclude Include="$(ProjectDir)ctocpp\response_ctocpp.h" />
    <ClInclude Include="$(ProjectDir)ctocpp\run_context_menu_callback_ctocpp.h" />
    <ClInclude Include="$(ProjectDir)ctocpp\scheme_registrar_ctocpp.h" />
    <ClInclude Include="$(ProjectDir)ctocpp\sslcert_principal_ctocpp.h" />
    <ClInclude Include="$(ProjectDir)ctocpp\sslinfo_ctocpp.h" />
    <ClInclude Include="$(ProjectDir)ctocpp\stream_reader_ctocpp.h" />
    <ClInclude Include="$(ProjectDir)ctocpp\stream_writer_ctocpp.h" />
    <ClInclude Include="$(ProjectDir)ctocpp\task_runner_ctocpp.h" />
    <ClInclude Include="$(ProjectDir)ctocpp\urlrequest_ctocpp.h" />
    <ClInclude Include="$(ProjectDir)ctocpp\v8context_ctocpp.h" />
    <ClInclude Include="$(ProjectDir)ctocpp\v8exception_ctocpp.h" />
    <ClInclude Include="$(ProjectDir)ctocpp\v8stack_frame_ctocpp.h" />
    <ClInclude Include="$(ProjectDir)ctocpp\v8stack_trace_ctocpp.h" />
    <ClInclude Include="$(ProjectDir)ctocpp\v8value_ctocpp.h" />
    <ClInclude Include="$(ProjectDir)ctocpp\value_ctocpp.h" />
    <ClInclude Include="$(ProjectDir)ctocpp\web_plugin_info_ctocpp.h" />
    <ClInclude Include="$(ProjectDir)ctocpp\xml_reader_ctocpp.h" />
    <ClInclude Include="$(ProjectDir)ctocpp\zip_reader_ctocpp.h" />
    <ClInclude Include="$(ProjectDir)..\include\cef_app.h" />
    <ClInclude Include="$(ProjectDir)..\include\cef_auth_callback.h" />
    <ClInclude Include="$(ProjectDir)..\include\cef_base.h" />
    <ClInclude Include="$(ProjectDir)..\include\cef_browser.h" />
    <ClInclude Include="$(ProjectDir)..\include\cef_browser_process_handler.h" />
    <ClInclude Include="$(ProjectDir)..\include\cef_callback.h" />
    <ClInclude Include="$(ProjectDir)..\include\cef_client.h" />
    <ClInclude Include="$(ProjectDir)..\include\cef_command_line.h" />
    <ClInclude Include="$(ProjectDir)..\include\cef_context_menu_handler.h" />
    <ClInclude Include="$(ProjectDir)..\include\cef_cookie.h" />
    <ClInclude Include="$(ProjectDir)..\include\cef_dialog_handler.h" />
    <ClInclude Include="$(ProjectDir)..\include\cef_display_handler.h" />
    <ClInclude Include="$(ProjectDir)..\include\cef_dom.h" />
    <ClInclude Include="$(ProjectDir)..\include\cef_download_handler.h" />
    <ClInclude Include="$(ProjectDir)..\include\cef_download_item.h" />
    <ClInclude Include="$(ProjectDir)..\include\cef_drag_data.h" />
    <ClInclude Include="$(ProjectDir)..\include\cef_drag_handler.h" />
    <ClInclude Include="$(ProjectDir)..\include\cef_find_handler.h" />
    <ClInclude Include="$(ProjectDir)..\include\cef_focus_handler.h" />
    <ClInclude Include="$(ProjectDir)..\include\cef_frame.h" />
    <ClInclude Include="$(ProjectDir)..\include\cef_geolocation.h" />
    <ClInclude Include="$(ProjectDir)..\include\cef_geolocation_handler.h" />
    <ClInclude Include="$(ProjectDir)..\include\cef_jsdialog_handler.h" />
    <ClInclude Include="$(ProjectDir)..\include\cef_keyboard_handler.h" />
    <ClInclude Include="$(ProjectDir)..\include\cef_life_span_handler.h" />
    <ClInclude Include="$(ProjectDir)..\include\cef_load_handler.h" />
    <ClInclude Include="$(ProjectDir)..\include\cef_menu_model.h" />
    <ClInclude Include="$(ProjectDir)..\include\cef_navigation_entry.h" />
    <ClInclude Include="$(ProjectDir)..\include\cef_origin_whitelist.h" />
    <ClInclude Include="$(ProjectDir)..\include\cef_pack_resources.h" />
    <ClInclude Include="$(ProjectDir)..\include\cef_pack_strings.h" />
    <ClInclude Include="$(ProjectDir)..\include\cef_parser.h" />
    <ClInclude Include="$(ProjectDir)..\include\cef_path_util.h" />
    <ClInclude Include="$(ProjectDir)..\include\cef_print_handler.h" />
    <ClInclude Include="$(ProjectDir)..\include\cef_print_settings.h" />
    <ClInclude Include="$(ProjectDir)..\include\cef_process_message.h" />
    <ClInclude Include="$(ProjectDir)..\include\cef_process_util.h" />
    <ClInclude Include="$(ProjectDir)..\include\cef_render_handler.h" />
    <ClInclude Include="$(ProjectDir)..\include\cef_render_process_handler.h" />
    <ClInclude Include="$(ProjectDir)..\include\cef_request.h" />
    <ClInclude Include="$(ProjectDir)..\include\cef_request_context.h" />
    <ClInclude Include="$(ProjectDir)..\include\cef_request_context_handler.h" />
    <ClInclude Include="$(ProjectDir)..\include\cef_request_handler.h" />
    <ClInclude Include="$(ProjectDir)..\include\cef_resource_bundle.h" />
    <ClInclude Include="$(ProjectDir)..\include\cef_resource_bundle_handler.h" />
    <ClInclude Include="$(ProjectDir)..\include\cef_resource_handler.h" />
    <ClInclude Include="$(ProjectDir)..\include\cef_response.h" />
    <ClInclude Include="$(ProjectDir)..\include\cef_response_filter.h" />
    <ClInclude Include="$(ProjectDir)..\include\cef_runnable.h" />
    <ClInclude Include="$(ProjectDir)..\include\cef_scheme.h" />
    <ClInclude Include="$(ProjectDir)..\include\cef_ssl_info.h" />
    <ClInclude Include="$(ProjectDir)..\include\cef_stream.h" />
    <ClInclude Include="$(ProjectDir)..\include\cef_string_visitor.h" />
    <ClInclude Include="$(ProjectDir)..\include\cef_task.h" />
    <ClInclude Include="$(ProjectDir)..\include\cef_trace.h" />
    <ClInclude Include="$(ProjectDir)..\include\cef_urlrequest.h" />
    <ClInclude Include="$(ProjectDir)..\include\cef_v8.h" />
    <ClInclude Include="$(ProjectDir)..\include\cef_values.h" />
    <ClInclude Include="$(ProjectDir)..\include\cef_version.h" />
    <ClInclude Include="$(ProjectDir)..\include\cef_web_plugin.h" />
    <ClInclude Include="$(ProjectDir)..\include\cef_xml_reader.h" />
    <ClInclude Include="$(ProjectDir)..\include\cef_zip_reader.h" />
    <ClInclude Include="$(ProjectDir)..\include\cef_sandbox_win.h" />
    <ClInclude Include="$(ProjectDir)..\include\base\cef_atomic_ref_count.h" />
    <ClInclude Include="$(ProjectDir)..\include\base\cef_atomicops.h" />
    <ClInclude Include="$(ProjectDir)..\include\base\cef_basictypes.h" />
    <ClInclude Include="$(ProjectDir)..\include\base\cef_bind.h" />
    <ClInclude Include="$(ProjectDir)..\include\base\cef_bind_helpers.h" />
    <ClInclude Include="$(ProjectDir)..\include\base\cef_build.h" />
    <ClInclude Include="$(ProjectDir)..\include\base\cef_callback.h" />
    <ClInclude Include="$(ProjectDir)..\include\base\cef_callback_forward.h" />
    <ClInclude Include="$(ProjectDir)..\include\base\cef_callback_helpers.h" />
    <ClInclude Include="$(ProjectDir)..\include\base\cef_callback_list.h" />
    <ClInclude Include="$(ProjectDir)..\include\base\cef_cancelable_callback.h" />
    <ClInclude Include="$(ProjectDir)..\include\base\cef_lock.h" />
    <ClInclude Include="$(ProjectDir)..\include\base\cef_logging.h" />
    <ClInclude Include="$(ProjectDir)..\include\base\cef_macros.h" />
    <ClInclude Include="$(ProjectDir)..\include\base\cef_move.h" />
    <ClInclude Include="$(ProjectDir)..\include\base\cef_platform_thread.h" />
    <ClInclude Include="$(ProjectDir)..\include\base\cef_ref_counted.h" />
    <ClInclude Include="$(ProjectDir)..\include\base\cef_scoped_ptr.h" />
    <ClInclude Include="$(ProjectDir)..\include\base\cef_string16.h" />
    <ClInclude Include="$(ProjectDir)..\include\base\cef_template_util.h" />
    <ClInclude Include="$(ProjectDir)..\include\base\cef_thread_checker.h" />
    <ClInclude Include="$(ProjectDir)..\include\base\cef_thread_collision_warner.h" />
    <ClInclude Include="$(ProjectDir)..\include\base\cef_trace_event.h" />
    <ClInclude Include="$(ProjectDir)..\include\base\cef_tuple.h" />
    <ClInclude Include="$(ProjectDir)..\include\base\cef_weak_ptr.h" />
    <ClInclude Include="$(ProjectDir)..\include\base\internal\cef_bind_internal.h" />
    <ClInclude Include="$(ProjectDir)..\include\base\internal\cef_callback_internal.h" />
    <ClInclude Include="$(ProjectDir)..\include\base\internal\cef_lock_impl.h" />
    <ClInclude Include="$(ProjectDir)..\include\base\internal\cef_raw_scoped_refptr_mismatch_checker.h" />
    <ClInclude Include="$(ProjectDir)..\include\base\internal\cef_thread_checker_impl.h" />
    <ClInclude Include="$(ProjectDir)..\include\base\internal\cef_atomicops_x86_msvc.h" />
    <ClInclude Include="$(ProjectDir)..\include\base\internal\cef_bind_internal_win.h" />
    <ClInclude Include="$(ProjectDir)..\include\capi\cef_app_capi.h" />
    <ClInclude Include="$(ProjectDir)..\include\capi\cef_auth_callback_capi.h" />
    <ClInclude Include="$(ProjectDir)..\include\capi\cef_base_capi.h" />
    <ClInclude Include="$(ProjectDir)..\include\capi\cef_browser_capi.h" />
    <ClInclude Include="$(ProjectDir)..\include\capi\cef_browser_process_handler_capi.h" />
    <ClInclude Include="$(ProjectDir)..\include\capi\cef_callback_capi.h" />
    <ClInclude Include="$(ProjectDir)..\include\capi\cef_client_capi.h" />
    <ClInclude Include="$(ProjectDir)..\include\capi\cef_command_line_capi.h" />
    <ClInclude Include="$(ProjectDir)..\include\capi\cef_context_menu_handler_capi.h" />
    <ClInclude Include="$(ProjectDir)..\include\capi\cef_cookie_capi.h" />
    <ClInclude Include="$(ProjectDir)..\include\capi\cef_dialog_handler_capi.h" />
    <ClInclude Include="$(ProjectDir)..\include\capi\cef_display_handler_capi.h" />
    <ClInclude Include="$(ProjectDir)..\include\capi\cef_dom_capi.h" />
    <ClInclude Include="$(ProjectDir)..\include\capi\cef_download_handler_capi.h" />
    <ClInclude Include="$(ProjectDir)..\include\capi\cef_download_item_capi.h" />
    <ClInclude Include="$(ProjectDir)..\include\capi\cef_drag_data_capi.h" />
    <ClInclude Include="$(ProjectDir)..\include\capi\cef_drag_handler_capi.h" />
    <ClInclude Include="$(ProjectDir)..\include\capi\cef_find_handler_capi.h" />
    <ClInclude Include="$(ProjectDir)..\include\capi\cef_focus_handler_capi.h" />
    <ClInclude Include="$(ProjectDir)..\include\capi\cef_frame_capi.h" />
    <ClInclude Include="$(ProjectDir)..\include\capi\cef_geolocation_capi.h" />
    <ClInclude Include="$(ProjectDir)..\include\capi\cef_geolocation_handler_capi.h" />
    <ClInclude Include="$(ProjectDir)..\include\capi\cef_jsdialog_handler_capi.h" />
    <ClInclude Include="$(ProjectDir)..\include\capi\cef_keyboard_handler_capi.h" />
    <ClInclude Include="$(ProjectDir)..\include\capi\cef_life_span_handler_capi.h" />
    <ClInclude Include="$(ProjectDir)..\include\capi\cef_load_handler_capi.h" />
    <ClInclude Include="$(ProjectDir)..\include\capi\cef_menu_model_capi.h" />
    <ClInclude Include="$(ProjectDir)..\include\capi\cef_navigation_entry_capi.h" />
    <ClInclude Include="$(ProjectDir)..\include\capi\cef_origin_whitelist_capi.h" />
    <ClInclude Include="$(ProjectDir)..\include\capi\cef_parser_capi.h" />
    <ClInclude Include="$(ProjectDir)..\include\capi\cef_path_util_capi.h" />
    <ClInclude Include="$(ProjectDir)..\include\capi\cef_print_handler_capi.h" />
    <ClInclude Include="$(ProjectDir)..\include\capi\cef_print_settings_capi.h" />
    <ClInclude Include="$(ProjectDir)..\include\capi\cef_process_message_capi.h" />
    <ClInclude Include="$(ProjectDir)..\include\capi\cef_process_util_capi.h" />
    <ClInclude Include="$(ProjectDir)..\include\capi\cef_render_handler_capi.h" />
    <ClInclude Include="$(ProjectDir)..\include\capi\cef_render_process_handler_capi.h" />
    <ClInclude Include="$(ProjectDir)..\include\capi\cef_request_capi.h" />
    <ClInclude Include="$(ProjectDir)..\include\capi\cef_request_context_capi.h" />
    <ClInclude Include="$(ProjectDir)..\include\capi\cef_request_context_handler_capi.h" />
    <ClInclude Include="$(ProjectDir)..\include\capi\cef_request_handler_capi.h" />
    <ClInclude Include="$(ProjectDir)..\include\capi\cef_resource_bundle_capi.h" />
    <ClInclude Include="$(ProjectDir)..\include\capi\cef_resource_bundle_handler_capi.h" />
    <ClInclude Include="$(ProjectDir)..\include\capi\cef_resource_handler_capi.h" />
    <ClInclude Include="$(ProjectDir)..\include\capi\cef_response_capi.h" />
    <ClInclude Include="$(ProjectDir)..\include\capi\cef_response_filter_capi.h" />
    <ClInclude Include="$(ProjectDir)..\include\capi\cef_scheme_capi.h" />
    <ClInclude Include="$(ProjectDir)..\include\capi\cef_ssl_info_capi.h" />
    <ClInclude Include="$(ProjectDir)..\include\capi\cef_stream_capi.h" />
    <ClInclude Include="$(ProjectDir)..\include\capi\cef_string_visitor_capi.h" />
    <ClInclude Include="$(ProjectDir)..\include\capi\cef_task_capi.h" />
    <ClInclude Include="$(ProjectDir)..\include\capi\cef_trace_capi.h" />
    <ClInclude Include="$(ProjectDir)..\include\capi\cef_urlrequest_capi.h" />
    <ClInclude Include="$(ProjectDir)..\include\capi\cef_v8_capi.h" />
    <ClInclude Include="$(ProjectDir)..\include\capi\cef_values_capi.h" />
    <ClInclude Include="$(ProjectDir)..\include\capi\cef_web_plugin_capi.h" />
    <ClInclude Include="$(ProjectDir)..\include\capi\cef_xml_reader_capi.h" />
    <ClInclude Include="$(ProjectDir)..\include\capi\cef_zip_reader_capi.h" />
    <ClInclude Include="$(ProjectDir)..\include\internal\cef_export.h" />
    <ClInclude Include="$(ProjectDir)..\include\internal\cef_logging_internal.h" />
    <ClInclude Include="$(ProjectDir)..\include\internal\cef_ptr.h" />
    <ClInclude Include="$(ProjectDir)..\include\internal\cef_string.h" />
    <ClInclude Include="$(ProjectDir)..\include\internal\cef_string_list.h" />
    <ClInclude Include="$(ProjectDir)..\include\internal\cef_string_map.h" />
    <ClInclude Include="$(ProjectDir)..\include\internal\cef_string_multimap.h" />
    <ClInclude Include="$(ProjectDir)..\include\internal\cef_string_types.h" />
    <ClInclude Include="$(ProjectDir)..\include\internal\cef_string_wrappers.h" />
    <ClInclude Include="$(ProjectDir)..\include\internal\cef_thread_internal.h" />
    <ClInclude Include="$(ProjectDir)..\include\internal\cef_time.h" />
    <ClInclude Include="$(ProjectDir)..\include\internal\cef_trace_event_internal.h" />
    <ClInclude Include="$(ProjectDir)..\include\internal\cef_types.h" />
    <ClInclude Include="$(ProjectDir)..\include\internal\cef_types_wrappers.h" />
    <ClInclude Include="$(ProjectDir)..\include\internal\cef_types_win.h" />
    <ClInclude Include="$(ProjectDir)..\include\internal\cef_win.h" />
    <ClInclude Include="$(ProjectDir)..\include\wrapper\cef_byte_read_handler.h" />
    <ClInclude Include="$(ProjectDir)..\include\wrapper\cef_closure_task.h" />
    <ClInclude Include="$(ProjectDir)..\include\wrapper\cef_helpers.h" />
    <ClInclude Include="$(ProjectDir)..\include\wrapper\cef_message_router.h" />
    <ClInclude Include="$(ProjectDir)..\include\wrapper\cef_resource_manager.h" />
    <ClInclude Include="$(ProjectDir)..\include\wrapper\cef_stream_resource_handler.h" />
    <ClInclude Include="$(ProjectDir)..\include\wrapper\cef_xml_object.h" />
    <ClInclude Include="$(ProjectDir)..\include\wrapper\cef_zip_archive.h" />
    <ClInclude Include="$(ProjectDir)wrapper\cef_browser_info_map.h" />
  </ItemGroup>
  <ItemGroup>
    <Filter Include="include\base">
      <UniqueIdentifier>{B8FECC1B-8D3D-3C31-BA33-B580875C9B33}</UniqueIdentifier>
    </Filter>
    <Filter Include="include\capi">
      <UniqueIdentifier>{12627299-B9B1-339F-9172-557E37A07184}</UniqueIdentifier>
    </Filter>
    <Filter Include="include\internal">
      <UniqueIdentifier>{6CDEE6A3-8AB9-339D-BD52-FDFB98733C36}</UniqueIdentifier>
    </Filter>
    <Filter Include="include\wrapper">
      <UniqueIdentifier>{85A97246-E497-3D81-B9A9-14FC87B78AE5}</UniqueIdentifier>
    </Filter>
    <Filter Include="include\base\internal">
      <UniqueIdentifier>{F1E9C744-72A5-301A-BF26-B99E084F5F11}</UniqueIdentifier>
    </Filter>
    <Filter Include="libcef_dll\base">
      <UniqueIdentifier>{9E8552D3-EDBC-37DB-9042-991510F1D43F}</UniqueIdentifier>
    </Filter>
    <Filter Include="libcef_dll\cpptoc">
      <UniqueIdentifier>{452DBAC4-E974-34CA-8A21-C2312A7F4311}</UniqueIdentifier>
    </Filter>
    <Filter Include="libcef_dll\ctocpp">
      <UniqueIdentifier>{11470C36-1D1B-3E61-A7CF-6149ACC95DFB}</UniqueIdentifier>
    </Filter>
    <Filter Include="libcef_dll\wrapper">
      <UniqueIdentifier>{2E2FA283-DC70-3DAA-8C32-AF33A736671D}</UniqueIdentifier>
    </Filter>
    <Filter Include="libcef_dll">
      <UniqueIdentifier>{B28C925A-B81E-377A-A298-045A6116A720}</UniqueIdentifier>
    </Filter>
    <Filter Include="include">
      <UniqueIdentifier>{B9805ED6-648A-3178-B7B2-4AD5E44D722D}</UniqueIdentifier>
    </Filter>
  </ItemGroup>
</Project>